
Microsoft Visual Studio Solution File, Format Version 12.00
# Visual Studio 15
VisualStudioVersion = 15.0.27428.2015
MinimumVisualStudioVersion = 10.0.40219.1
Project("{8BC9CEB8-8B4A-11D0-8D11-00A0C91BC942}") = "zuoyepaixu", "zuoyepaixu\zuoyepaixu.vcxproj", "{E06439A6-CA8A-4198-8D7A-498DD28F80B4}"
EndProject
Project("{8BC9CEB8-8B4A-11D0-8D11-00A0C91BC942}") = "ConsoleApplication4", "..\..\..\..\source\repos\ConsoleApplication4\ConsoleApplication4\ConsoleApplication4.vcxproj", "{BD8C932B-31AA-4847-AF05-F76758DF6B0D}"
EndProject
Global
	GlobalSection(SolutionConfigurationPlatforms) = preSolution
		Debug|x64 = Debug|x64
		Debug|x86 = Debug|x86
		Release|x64 = Release|x64
		Release|x86 = Release|x86
	EndGlobalSection
	GlobalSection(ProjectConfigurationPlatforms) = postSolution
		{E06439A6-CA8A-4198-8D7A-498DD28F80B4}.Debug|x64.ActiveCfg = Debug|x64
		{E06439A6-CA8A-4198-8D7A-498DD28F80B4}.Debug|x64.Build.0 = Debug|x64
		{E06439A6-CA8A-4198-8D7A-498DD28F80B4}.Debug|x86.ActiveCfg = Debug|Win32
		{E06439A6-CA8A-4198-8D7A-498DD28F80B4}.Debug|x86.Build.0 = Debug|Win32
		{E06439A6-CA8A-4198-8D7A-498DD28F80B4}.Release|x64.ActiveCfg = Release|x64
		{E06439A6-CA8A-4198-8D7A-498DD28F80B4}.Release|x64.Build.0 = Release|x64
		{E06439A6-CA8A-4198-8D7A-498DD28F80B4}.Release|x86.ActiveCfg = Release|Win32
		{E06439A6-CA8A-4198-8D7A-498DD28F80B4}.Release|x86.Build.0 = Release|Win32
		{BD8C932B-31AA-4847-AF05-F76758DF6B0D}.Debug|x64.ActiveCfg = Debug|x64
		{BD8C932B-31AA-4847-AF05-F76758DF6B0D}.Debug|x64.Build.0 = Debug|x64
		{BD8C932B-31AA-4847-AF05-F76758DF6B0D}.Debug|x86.ActiveCfg = Debug|Win32
		{BD8C932B-31AA-4847-AF05-F76758DF6B0D}.Debug|x86.Build.0 = Debug|Win32
		{BD8C932B-31AA-4847-AF05-F76758DF6B0D}.Release|x64.ActiveCfg = Release|x64
		{BD8C932B-31AA-4847-AF05-F76758DF6B0D}.Release|x64.Build.0 = Release|x64
		{BD8C932B-31AA-4847-AF05-F76758DF6B0D}.Release|x86.ActiveCfg = Release|Win32
		{BD8C932B-31AA-4847-AF05-F76758DF6B0D}.Release|x86.Build.0 = Release|Win32
	EndGlobalSection
	GlobalSection(SolutionProperties) = preSolution
		HideSolutionNode = FALSE
	EndGlobalSection
	GlobalSection(ExtensibilityGlobals) = postSolution
		SolutionGuid = {10CB6BB3-C760-404F-A61A-E885940668C5}
	EndGlobalSection
EndGlobal
